
Microsoft Visual Studio Solution File, Format Version 12.00
# Visual Studio Version 16
VisualStudioVersion = 16.0.31005.135
MinimumVisualStudioVersion = 10.0.40219.1
Project("{FAE04EC0-301F-11D3-BF4B-00C04F79EFBC}") = "Sem14", "Sem14\Sem14.csproj", "{21934D45-87F8-4F4D-904E-5DAAC93836E1}"
EndProject
Global
	GlobalSection(SolutionConfigurationPlatforms) = preSolution
		Debug|Any CPU = Debug|Any CPU
		Release|Any CPU = Release|Any CPU
	EndGlobalSection
	GlobalSection(ProjectConfigurationPlatforms) = postSolution
		{21934D45-87F8-4F4D-904E-5DAAC93836E1}.Debug|Any CPU.ActiveCfg = Debug|Any CPU
		{21934D45-87F8-4F4D-904E-5DAAC93836E1}.Debug|Any CPU.Build.0 = Debug|Any CPU
		{21934D45-87F8-4F4D-904E-5DAAC93836E1}.Release|Any CPU.ActiveCfg = Release|Any CPU
		{21934D45-87F8-4F4D-904E-5DAAC93836E1}.Release|Any CPU.Build.0 = Release|Any CPU
	EndGlobalSection
	GlobalSection(SolutionProperties) = preSolution
		HideSolutionNode = FALSE
	EndGlobalSection
	GlobalSection(ExtensibilityGlobals) = postSolution
		SolutionGuid = {639F50D1-B447-4C44-A973-FD207269D699}
	EndGlobalSection
EndGlobal
